
Microsoft Visual Studio Solution File, Format Version 12.00
Project("{FAE04EC0-301F-11D3-BF4B-00C04F79EFBC}") = "GiveOrdersAfterDeath", "GiveOrdersAfterDeath\GiveOrdersAfterDeath.csproj", "{B16FD168-A330-4C8E-A04A-7B2B7520D55D}"
EndProject
Project("{FAE04EC0-301F-11D3-BF4B-00C04F79EFBC}") = "PackageRelease", "PackageRelease\PackageRelease.csproj", "{E78294CF-8B88-4312-BA4C-B38961E2FCD2}"
EndProject
Project("{FAE04EC0-301F-11D3-BF4B-00C04F79EFBC}") = "GiveOrdersAfterDeath.Tests", "GiveOrdersAfterDeath.Tests\GiveOrdersAfterDeath.Tests.csproj", "{E4E2D584-9210-4D32-8117-C3F88519CBC8}"
EndProject
Global
	GlobalSection(SolutionConfigurationPlatforms) = preSolution
		Debug|x64 = Debug|x64
		Release|x64 = Release|x64
		Debug - Post e1.4.3|x64 = Debug - Post e1.4.3|x64
		Release - Post e1.4.3|x64 = Release - Post e1.4.3|x64
		Debug - ref e1.4.3|x64 = Debug - ref e1.4.3|x64
		Release - ref e1.4.3|x64 = Release - ref e1.4.3|x64
		Debug - ref e1.5.2|x64 = Debug - ref e1.5.2|x64
		Release - ref e1.5.2|x64 = Release - ref e1.5.2|x64
		Debug - ref e1.5.3|x64 = Debug - ref e1.5.3|x64
		Release - ref e1.5.3|x64 = Release - ref e1.5.3|x64
	EndGlobalSection
	GlobalSection(ProjectConfigurationPlatforms) = postSolution
		{B16FD168-A330-4C8E-A04A-7B2B7520D55D}.Debug|x64.ActiveCfg = Debug|x64
		{B16FD168-A330-4C8E-A04A-7B2B7520D55D}.Debug|x64.Build.0 = Debug|x64
		{B16FD168-A330-4C8E-A04A-7B2B7520D55D}.Release|x64.ActiveCfg = Release|x64
		{B16FD168-A330-4C8E-A04A-7B2B7520D55D}.Release|x64.Build.0 = Release|x64
		{B16FD168-A330-4C8E-A04A-7B2B7520D55D}.Debug - Post e1.4.3|x64.ActiveCfg = Debug - Post e1.4.3|x64
		{B16FD168-A330-4C8E-A04A-7B2B7520D55D}.Debug - Post e1.4.3|x64.Build.0 = Debug - Post e1.4.3|x64
		{B16FD168-A330-4C8E-A04A-7B2B7520D55D}.Release - Post e1.4.3|x64.ActiveCfg = Release - Post e1.4.3|x64
		{B16FD168-A330-4C8E-A04A-7B2B7520D55D}.Release - Post e1.4.3|x64.Build.0 = Release - Post e1.4.3|x64
		{B16FD168-A330-4C8E-A04A-7B2B7520D55D}.Debug - ref e1.4.3|x64.ActiveCfg = Debug - ref e1.4.3|x64
		{B16FD168-A330-4C8E-A04A-7B2B7520D55D}.Debug - ref e1.4.3|x64.Build.0 = Debug - ref e1.4.3|x64
		{B16FD168-A330-4C8E-A04A-7B2B7520D55D}.Release - ref e1.4.3|x64.ActiveCfg = Release - ref e1.4.3|x64
		{B16FD168-A330-4C8E-A04A-7B2B7520D55D}.Release - ref e1.4.3|x64.Build.0 = Release - ref e1.4.3|x64
		{B16FD168-A330-4C8E-A04A-7B2B7520D55D}.Debug - ref e1.5.2|x64.ActiveCfg = Debug - ref e1.5.2|x64
		{B16FD168-A330-4C8E-A04A-7B2B7520D55D}.Debug - ref e1.5.2|x64.Build.0 = Debug - ref e1.5.2|x64
		{B16FD168-A330-4C8E-A04A-7B2B7520D55D}.Release - ref e1.5.2|x64.ActiveCfg = Release - ref e1.5.2|x64
		{B16FD168-A330-4C8E-A04A-7B2B7520D55D}.Release - ref e1.5.2|x64.Build.0 = Release - ref e1.5.2|x64
		{B16FD168-A330-4C8E-A04A-7B2B7520D55D}.Debug - ref e1.5.3|x64.ActiveCfg = Debug - ref e1.5.3|x64
		{B16FD168-A330-4C8E-A04A-7B2B7520D55D}.Debug - ref e1.5.3|x64.Build.0 = Debug - ref e1.5.3|x64
		{B16FD168-A330-4C8E-A04A-7B2B7520D55D}.Release - ref e1.5.3|x64.ActiveCfg = Release - ref e1.5.3|x64
		{B16FD168-A330-4C8E-A04A-7B2B7520D55D}.Release - ref e1.5.3|x64.Build.0 = Release - ref e1.5.3|x64
		
		{E78294CF-8B88-4312-BA4C-B38961E2FCD2}.Debug|x64.ActiveCfg = Debug|x64
		{E78294CF-8B88-4312-BA4C-B38961E2FCD2}.Debug|x64.Build.0 = Debug|x64
		{E78294CF-8B88-4312-BA4C-B38961E2FCD2}.Release|x64.ActiveCfg = Release|x64
		{E78294CF-8B88-4312-BA4C-B38961E2FCD2}.Release|x64.Build.0 = Release|x64
		{E78294CF-8B88-4312-BA4C-B38961E2FCD2}.Debug - Post e1.4.3|x64.ActiveCfg = Debug|x64
		{E78294CF-8B88-4312-BA4C-B38961E2FCD2}.Debug - Post e1.4.3|x64.Build.0 = Debug|x64
		{E78294CF-8B88-4312-BA4C-B38961E2FCD2}.Release - Post e1.4.3|x64.ActiveCfg = Release|x64
		{E78294CF-8B88-4312-BA4C-B38961E2FCD2}.Release - Post e1.4.3|x64.Build.0 = Release|x64
		{E78294CF-8B88-4312-BA4C-B38961E2FCD2}.Debug - ref e1.4.3|x64.ActiveCfg = Debug|x64
		{E78294CF-8B88-4312-BA4C-B38961E2FCD2}.Debug - ref e1.4.3|x64.Build.0 = Debug|x64
		{E78294CF-8B88-4312-BA4C-B38961E2FCD2}.Release - ref e1.4.3|x64.ActiveCfg = Release|x64
		{E78294CF-8B88-4312-BA4C-B38961E2FCD2}.Release - ref e1.4.3|x64.Build.0 = Release|x64		
		{E78294CF-8B88-4312-BA4C-B38961E2FCD2}.Debug - ref e1.5.2|x64.ActiveCfg = Debug|x64
		{E78294CF-8B88-4312-BA4C-B38961E2FCD2}.Debug - ref e1.5.2|x64.Build.0 = Debug|x64
		{E78294CF-8B88-4312-BA4C-B38961E2FCD2}.Release - ref e1.5.2|x64.ActiveCfg = Release|x64
		{E78294CF-8B88-4312-BA4C-B38961E2FCD2}.Release - ref e1.5.2|x64.Build.0 = Release|x64
		{E78294CF-8B88-4312-BA4C-B38961E2FCD2}.Debug - ref e1.5.3|x64.ActiveCfg = Debug|x64
		{E78294CF-8B88-4312-BA4C-B38961E2FCD2}.Debug - ref e1.5.3|x64.Build.0 = Debug|x64
		{E78294CF-8B88-4312-BA4C-B38961E2FCD2}.Release - ref e1.5.3|x64.ActiveCfg = Release|x64
		{E78294CF-8B88-4312-BA4C-B38961E2FCD2}.Release - ref e1.5.3|x64.Build.0 = Release|x64
		
		{E4E2D584-9210-4D32-8117-C3F88519CBC8}.Debug|x64.ActiveCfg = Debug|x64
		{E4E2D584-9210-4D32-8117-C3F88519CBC8}.Debug|x64.Build.0 = Debug|x64
		{E4E2D584-9210-4D32-8117-C3F88519CBC8}.Release|x64.ActiveCfg = Release|x64
		{E4E2D584-9210-4D32-8117-C3F88519CBC8}.Release|x64.Build.0 = Release|x64
		{E4E2D584-9210-4D32-8117-C3F88519CBC8}.Debug - Post e1.4.3|x64.ActiveCfg = Debug - Post e1.4.3|x64
		{E4E2D584-9210-4D32-8117-C3F88519CBC8}.Debug - Post e1.4.3|x64.Build.0 = Debug - Post e1.4.3|x64
		{E4E2D584-9210-4D32-8117-C3F88519CBC8}.Release - Post e1.4.3|x64.ActiveCfg = Debug - Post e1.4.3|x64
		{E4E2D584-9210-4D32-8117-C3F88519CBC8}.Release - Post e1.4.3|x64.Build.0 = Debug - Post e1.4.3|x64
		{E4E2D584-9210-4D32-8117-C3F88519CBC8}.Debug - ref e1.4.3|x64.ActiveCfg = Debug - ref e1.4.3|x64
		{E4E2D584-9210-4D32-8117-C3F88519CBC8}.Debug - ref e1.4.3|x64.Build.0 = Debug - ref e1.4.3|x64
		{E4E2D584-9210-4D32-8117-C3F88519CBC8}.Release - ref e1.4.3|x64.ActiveCfg = Release - ref e1.4.3|x64
		{E4E2D584-9210-4D32-8117-C3F88519CBC8}.Release - ref e1.4.3|x64.Build.0 = Release - ref e1.4.3|x64
		{E4E2D584-9210-4D32-8117-C3F88519CBC8}.Debug - ref e1.5.2|x64.ActiveCfg = Debug - Post e1.5.2|x64
		{E4E2D584-9210-4D32-8117-C3F88519CBC8}.Debug - ref e1.5.2|x64.Build.0 = Debug - Post e1.5.2|x64
		{E4E2D584-9210-4D32-8117-C3F88519CBC8}.Release - ref e1.5.2|x64.ActiveCfg = Release - ref e1.5.2|x64
		{E4E2D584-9210-4D32-8117-C3F88519CBC8}.Release - ref e1.5.2|x64.Build.0 = Release - ref e1.5.2|x64
		{E4E2D584-9210-4D32-8117-C3F88519CBC8}.Debug - ref e1.5.3|x64.ActiveCfg = Debug - ref e1.5.3|x64
		{E4E2D584-9210-4D32-8117-C3F88519CBC8}.Debug - ref e1.5.3|x64.Build.0 = Debug - ref e1.5.3|x64
		{E4E2D584-9210-4D32-8117-C3F88519CBC8}.Release - ref e1.5.3|x64.ActiveCfg = Release - ref e1.5.3|x64
		{E4E2D584-9210-4D32-8117-C3F88519CBC8}.Release - ref e1.5.3|x64.Build.0 = Release - ref e1.5.3|x64
	EndGlobalSection
EndGlobal
